
Microsoft Visual Studio Solution File, Format Version 12.00
# Visual Studio Version 16
VisualStudioVersion = 16.0.31702.278
MinimumVisualStudioVersion = 10.0.40219.1
Project("{FAE04EC0-301F-11D3-BF4B-00C04F79EFBC}") = "Meraki_Web", "Meraki_Web\Meraki_Web.csproj", "{95E62A45-CC67-4E82-B0E4-38BD735DA49C}"
EndProject
Global
	GlobalSection(SolutionConfigurationPlatforms) = preSolution
		Debug|Any CPU = Debug|Any CPU
		Release|Any CPU = Release|Any CPU
	EndGlobalSection
	GlobalSection(ProjectConfigurationPlatforms) = postSolution
		{95E62A45-CC67-4E82-B0E4-38BD735DA49C}.Debug|Any CPU.ActiveCfg = Debug|Any CPU
		{95E62A45-CC67-4E82-B0E4-38BD735DA49C}.Debug|Any CPU.Build.0 = Debug|Any CPU
		{95E62A45-CC67-4E82-B0E4-38BD735DA49C}.Release|Any CPU.ActiveCfg = Release|Any CPU
		{95E62A45-CC67-4E82-B0E4-38BD735DA49C}.Release|Any CPU.Build.0 = Release|Any CPU
	EndGlobalSection
	GlobalSection(SolutionProperties) = preSolution
		HideSolutionNode = FALSE
	EndGlobalSection
	GlobalSection(ExtensibilityGlobals) = postSolution
		SolutionGuid = {CC3217EE-0101-4CA6-AFA8-6DCCF8BA1FAC}
	EndGlobalSection
EndGlobal
